
Microsoft Visual Studio Solution File, Format Version 12.00
# Visual Studio 15
VisualStudioVersion = 15.0.28307.329
MinimumVisualStudioVersion = 10.0.40219.1
Project("{FAE04EC0-301F-11D3-BF4B-00C04F79EFBC}") = "Demo", "Demo\Demo.csproj", "{F72C0C6A-C27E-4550-A550-2BFDB3A10EBF}"
EndProject
Project("{FAE04EC0-301F-11D3-BF4B-00C04F79EFBC}") = "Demo.Tests", "Demo.Tests\Demo.Tests.csproj", "{1F697C13-D188-44C4-8633-C9C92EE15316}"
EndProject
Project("{FAE04EC0-301F-11D3-BF4B-00C04F79EFBC}") = "Demo.Data", "Demo.Domain\Demo.Data.csproj", "{87F1A779-E404-44D9-8773-0A6A38A3413B}"
EndProject
Project("{FAE04EC0-301F-11D3-BF4B-00C04F79EFBC}") = "Demo.Domain", "Demo.Data\Demo.Domain.csproj", "{2958D089-9D63-4391-AAC1-082B7EC1A37D}"
EndProject
Project("{FAE04EC0-301F-11D3-BF4B-00C04F79EFBC}") = "Demo.App", "Demo.App\Demo.App.csproj", "{5EDA3CEA-55DA-46FF-8C56-FECFADFDACFD}"
EndProject
Project("{FAE04EC0-301F-11D3-BF4B-00C04F79EFBC}") = "Demo.CrossCutting", "Demo.CrossCutting\Demo.CrossCutting.csproj", "{1F381C6E-2462-448C-8772-F32CFEBA586B}"
EndProject
Global
	GlobalSection(SolutionConfigurationPlatforms) = preSolution
		Debug|Any CPU = Debug|Any CPU
		Release|Any CPU = Release|Any CPU
	EndGlobalSection
	GlobalSection(ProjectConfigurationPlatforms) = postSolution
		{F72C0C6A-C27E-4550-A550-2BFDB3A10EBF}.Debug|Any CPU.ActiveCfg = Debug|Any CPU
		{F72C0C6A-C27E-4550-A550-2BFDB3A10EBF}.Debug|Any CPU.Build.0 = Debug|Any CPU
		{F72C0C6A-C27E-4550-A550-2BFDB3A10EBF}.Release|Any CPU.ActiveCfg = Release|Any CPU
		{F72C0C6A-C27E-4550-A550-2BFDB3A10EBF}.Release|Any CPU.Build.0 = Release|Any CPU
		{1F697C13-D188-44C4-8633-C9C92EE15316}.Debug|Any CPU.ActiveCfg = Debug|Any CPU
		{1F697C13-D188-44C4-8633-C9C92EE15316}.Debug|Any CPU.Build.0 = Debug|Any CPU
		{1F697C13-D188-44C4-8633-C9C92EE15316}.Release|Any CPU.ActiveCfg = Release|Any CPU
		{1F697C13-D188-44C4-8633-C9C92EE15316}.Release|Any CPU.Build.0 = Release|Any CPU
		{87F1A779-E404-44D9-8773-0A6A38A3413B}.Debug|Any CPU.ActiveCfg = Debug|Any CPU
		{87F1A779-E404-44D9-8773-0A6A38A3413B}.Debug|Any CPU.Build.0 = Debug|Any CPU
		{87F1A779-E404-44D9-8773-0A6A38A3413B}.Release|Any CPU.ActiveCfg = Release|Any CPU
		{87F1A779-E404-44D9-8773-0A6A38A3413B}.Release|Any CPU.Build.0 = Release|Any CPU
		{2958D089-9D63-4391-AAC1-082B7EC1A37D}.Debug|Any CPU.ActiveCfg = Debug|Any CPU
		{2958D089-9D63-4391-AAC1-082B7EC1A37D}.Debug|Any CPU.Build.0 = Debug|Any CPU
		{2958D089-9D63-4391-AAC1-082B7EC1A37D}.Release|Any CPU.ActiveCfg = Release|Any CPU
		{2958D089-9D63-4391-AAC1-082B7EC1A37D}.Release|Any CPU.Build.0 = Release|Any CPU
		{5EDA3CEA-55DA-46FF-8C56-FECFADFDACFD}.Debug|Any CPU.ActiveCfg = Debug|Any CPU
		{5EDA3CEA-55DA-46FF-8C56-FECFADFDACFD}.Debug|Any CPU.Build.0 = Debug|Any CPU
		{5EDA3CEA-55DA-46FF-8C56-FECFADFDACFD}.Release|Any CPU.ActiveCfg = Release|Any CPU
		{5EDA3CEA-55DA-46FF-8C56-FECFADFDACFD}.Release|Any CPU.Build.0 = Release|Any CPU
		{1F381C6E-2462-448C-8772-F32CFEBA586B}.Debug|Any CPU.ActiveCfg = Debug|Any CPU
		{1F381C6E-2462-448C-8772-F32CFEBA586B}.Debug|Any CPU.Build.0 = Debug|Any CPU
		{1F381C6E-2462-448C-8772-F32CFEBA586B}.Release|Any CPU.ActiveCfg = Release|Any CPU
		{1F381C6E-2462-448C-8772-F32CFEBA586B}.Release|Any CPU.Build.0 = Release|Any CPU
	EndGlobalSection
	GlobalSection(SolutionProperties) = preSolution
		HideSolutionNode = FALSE
	EndGlobalSection
	GlobalSection(ExtensibilityGlobals) = postSolution
		SolutionGuid = {E4D46CAF-F989-41BF-B029-696665BD7F38}
	EndGlobalSection
EndGlobal
